
Microsoft Visual Studio Solution File, Format Version 12.00
# Visual Studio Version 17
VisualStudioVersion = 17.4.33110.190
MinimumVisualStudioVersion = 10.0.40219.1
Project("{FAE04EC0-301F-11D3-BF4B-00C04F79EFBC}") = "Proyecto_PV", "Proyecto_PV.csproj", "{68BB1095-111A-483A-94C8-C2EF80E9686E}"
EndProject
Global
	GlobalSection(SolutionConfigurationPlatforms) = preSolution
		Debug|Any CPU = Debug|Any CPU
		Release|Any CPU = Release|Any CPU
	EndGlobalSection
	GlobalSection(ProjectConfigurationPlatforms) = postSolution
		{68BB1095-111A-483A-94C8-C2EF80E9686E}.Debug|Any CPU.ActiveCfg = Debug|Any CPU
		{68BB1095-111A-483A-94C8-C2EF80E9686E}.Debug|Any CPU.Build.0 = Debug|Any CPU
		{68BB1095-111A-483A-94C8-C2EF80E9686E}.Release|Any CPU.ActiveCfg = Release|Any CPU
		{68BB1095-111A-483A-94C8-C2EF80E9686E}.Release|Any CPU.Build.0 = Release|Any CPU
	EndGlobalSection
	GlobalSection(SolutionProperties) = preSolution
		HideSolutionNode = FALSE
	EndGlobalSection
	GlobalSection(ExtensibilityGlobals) = postSolution
		SolutionGuid = {0406D11C-49AF-4DC1-827F-7C2F7E394324}
	EndGlobalSection
EndGlobal
